// !$*UTF8*$!
{
	archiveVersion = 1;
	classes = {
	};
	objectVersion = 51;
	objects = {

/* Begin PBXBuildFile section */
		A67B041423DBF5D451CDE8B7 /* Pods_Todoey.framework in Frameworks */ = {isa = PBXBuildFile; fileRef = DD87B845F3582EA28EC50EA5 /* Pods_Todoey.framework */; };
		F20DE5B9233CC40F00AA3E59 /* AppDelegate.swift in Sources */ = {isa = PBXBuildFile; fileRef = F20DE5B8233CC40F00AA3E59 /* AppDelegate.swift */; };
		F20DE5BB233CC40F00AA3E59 /* ToDoListViewController.swift in Sources */ = {isa = PBXBuildFile; fileRef = F20DE5BA233CC40F00AA3E59 /* ToDoListViewController.swift */; };
		F20DE5BE233CC40F00AA3E59 /* Main.storyboard in Resources */ = {isa = PBXBuildFile; fileRef = F20DE5BC233CC40F00AA3E59 /* Main.storyboard */; };
		F20DE5C0233CC41000AA3E59 /* Assets.xcassets in Resources */ = {isa = PBXBuildFile; fileRef = F20DE5BF233CC41000AA3E59 /* Assets.xcassets */; };
		F20DE5C3233CC41000AA3E59 /* LaunchScreen.storyboard in Resources */ = {isa = PBXBuildFile; fileRef = F20DE5C1233CC41000AA3E59 /* LaunchScreen.storyboard */; };
		F20FD33D2353AEF2001C822C /* Item.swift in Sources */ = {isa = PBXBuildFile; fileRef = F20FD33C2353AEF2001C822C /* Item.swift */; };
		F20FD33F2353AF06001C822C /* Category.swift in Sources */ = {isa = PBXBuildFile; fileRef = F20FD33E2353AF06001C822C /* Category.swift */; };
		F21191AC234B959100291E36 /* CategoryViewController.swift in Sources */ = {isa = PBXBuildFile; fileRef = F21191AB234B959100291E36 /* CategoryViewController.swift */; };
/* End PBXBuildFile section */

/* Begin PBXFileReference section */
		2F494C44D55E4463BF447934 /* Pods-Todoey.release.xcconfig */ = {isa = PBXFileReference; includeInIndex = 1; lastKnownFileType = text.xcconfig; name = "Pods-Todoey.release.xcconfig"; path = "Target Support Files/Pods-Todoey/Pods-Todoey.release.xcconfig"; sourceTree = "<group>"; };
		776187C880A491F75860B4E4 /* Pods-Todoey.debug.xcconfig */ = {isa = PBXFileReference; includeInIndex = 1; lastKnownFileType = text.xcconfig; name = "Pods-Todoey.debug.xcconfig"; path = "Target Support Files/Pods-Todoey/Pods-Todoey.debug.xcconfig"; sourceTree = "<group>"; };
		DD87B845F3582EA28EC50EA5 /* Pods_Todoey.framework */ = {isa = PBXFileReference; explicitFileType = wrapper.framework; includeInIndex = 0; path = Pods_Todoey.framework; sourceTree = BUILT_PRODUCTS_DIR; };
		F20DE5B5233CC40F00AA3E59 /* Todoey.app */ = {isa = PBXFileReference; explicitFileType = wrapper.application; includeInIndex = 0; path = Todoey.app; sourceTree = BUILT_PRODUCTS_DIR; };
		F20DE5B8233CC40F00AA3E59 /* AppDelegate.swift */ = {isa = PBXFileReference; lastKnownFileType = sourcecode.swift; path = AppDelegate.swift; sourceTree = "<group>"; };
		F20DE5BA233CC40F00AA3E59 /* ToDoListViewController.swift */ = {isa = PBXFileReference; lastKnownFileType = sourcecode.swift; path = ToDoListViewController.swift; sourceTree = "<group>"; };
		F20DE5BD233CC40F00AA3E59 /* Base */ = {isa = PBXFileReference; lastKnownFileType = file.storyboard; name = Base; path = Base.lproj/Main.storyboard; sourceTree = "<group>"; };
		F20DE5BF233CC41000AA3E59 /* Assets.xcassets */ = {isa = PBXFileReference; lastKnownFileType = folder.assetcatalog; path = Assets.xcassets; sourceTree = "<group>"; };
		F20DE5C2233CC41000AA3E59 /* Base */ = {isa = PBXFileReference; lastKnownFileType = file.storyboard; name = Base; path = Base.lproj/LaunchScreen.storyboard; sourceTree = "<group>"; };
		F20DE5C4233CC41000AA3E59 /* Info.plist */ = {isa = PBXFileReference; lastKnownFileType = text.plist.xml; path = Info.plist; sourceTree = "<group>"; };
		F20FD33C2353AEF2001C822C /* Item.swift */ = {isa = PBXFileReference; lastKnownFileType = sourcecode.swift; path = Item.swift; sourceTree = "<group>"; };
		F20FD33E2353AF06001C822C /* Category.swift */ = {isa = PBXFileReference; lastKnownFileType = sourcecode.swift; path = Category.swift; sourceTree = "<group>"; };
		F21191AB234B959100291E36 /* CategoryViewController.swift */ = {isa = PBXFileReference; lastKnownFileType = sourcecode.swift; path = CategoryViewController.swift; sourceTree = "<group>"; };
/* End PBXFileReference section */

/* Begin PBXFrameworksBuildPhase section */
		F20DE5B2233CC40F00AA3E59 /* Frameworks */ = {
			isa = PBXFrameworksBuildPhase;
			buildActionMask = 2147483647;
			files = (
				A67B041423DBF5D451CDE8B7 /* Pods_Todoey.framework in Frameworks */,
			);
			runOnlyForDeploymentPostprocessing = 0;
		};
/* End PBXFrameworksBuildPhase section */

/* Begin PBXGroup section */
		9FD994E00D461F86F1F90983 /* Pods */ = {
			isa = PBXGroup;
			children = (
				776187C880A491F75860B4E4 /* Pods-Todoey.debug.xcconfig */,
				2F494C44D55E4463BF447934 /* Pods-Todoey.release.xcconfig */,
			);
			path = Pods;
			sourceTree = "<group>";
		};
		A61B7C6D1DB04AFD0BF1355A /* Frameworks */ = {
			isa = PBXGroup;
			children = (
				DD87B845F3582EA28EC50EA5 /* Pods_Todoey.framework */,
			);
			name = Frameworks;
			sourceTree = "<group>";
		};
		F20887EC233EC2E800876184 /* Model */ = {
			isa = PBXGroup;
			children = (
				F20FD33E2353AF06001C822C /* Category.swift */,
				F20FD33C2353AEF2001C822C /* Item.swift */,
			);
			path = Model;
			sourceTree = "<group>";
		};
		F20887ED233EC30200876184 /* Controller */ = {
			isa = PBXGroup;
			children = (
				F21191AB234B959100291E36 /* CategoryViewController.swift */,
				F20DE5BA233CC40F00AA3E59 /* ToDoListViewController.swift */,
			);
			path = Controller;
			sourceTree = "<group>";
		};
		F20887EE233EC31400876184 /* View */ = {
			isa = PBXGroup;
			children = (
				F20DE5BC233CC40F00AA3E59 /* Main.storyboard */,
			);
			path = View;
			sourceTree = "<group>";
		};
		F20887EF233EC36E00876184 /* Supporting Files */ = {
			isa = PBXGroup;
			children = (
				F20DE5BF233CC41000AA3E59 /* Assets.xcassets */,
				F20DE5C1233CC41000AA3E59 /* LaunchScreen.storyboard */,
			);
			path = "Supporting Files";
			sourceTree = "<group>";
		};
		F20DE5AC233CC40F00AA3E59 = {
			isa = PBXGroup;
			children = (
				F20DE5B7233CC40F00AA3E59 /* Todoey */,
				F20DE5B6233CC40F00AA3E59 /* Products */,
				9FD994E00D461F86F1F90983 /* Pods */,
				A61B7C6D1DB04AFD0BF1355A /* Frameworks */,
			);
			sourceTree = "<group>";
		};
		F20DE5B6233CC40F00AA3E59 /* Products */ = {
			isa = PBXGroup;
			children = (
				F20DE5B5233CC40F00AA3E59 /* Todoey.app */,
			);
			name = Products;
			sourceTree = "<group>";
		};
		F20DE5B7233CC40F00AA3E59 /* Todoey */ = {
			isa = PBXGroup;
			children = (
				F20DE5B8233CC40F00AA3E59 /* AppDelegate.swift */,
				F20887EC233EC2E800876184 /* Model */,
				F20887EE233EC31400876184 /* View */,
				F20887ED233EC30200876184 /* Controller */,
				F20887EF233EC36E00876184 /* Supporting Files */,
				F20DE5C4233CC41000AA3E59 /* Info.plist */,
			);
			path = Todoey;
			sourceTree = "<group>";
		};
/* End PBXGroup section */

/* Begin PBXNativeTarget section */
		F20DE5B4233CC40F00AA3E59 /* Todoey */ = {
			isa = PBXNativeTarget;
			buildConfigurationList = F20DE5C7233CC41000AA3E59 /* Build configuration list for PBXNativeTarget "Todoey" */;
			buildPhases = (
				786FE0B0DD4E27E834CC96B6 /* [CP] Check Pods Manifest.lock */,
				F20DE5B1233CC40F00AA3E59 /* Sources */,
				F20DE5B2233CC40F00AA3E59 /* Frameworks */,
				F20DE5B3233CC40F00AA3E59 /* Resources */,
				79943EF579E98931472A850C /* [CP] Embed Pods Frameworks */,
			);
			buildRules = (
			);
			dependencies = (
			);
			name = Todoey;
			productName = Todoey;
			productReference = F20DE5B5233CC40F00AA3E59 /* Todoey.app */;
			productType = "com.apple.product-type.application";
		};
/* End PBXNativeTarget section */

/* Begin PBXProject section */
		F20DE5AD233CC40F00AA3E59 /* Project object */ = {
			isa = PBXProject;
			attributes = {
				LastSwiftUpdateCheck = 1030;
				LastUpgradeCheck = 1030;
				ORGANIZATIONNAME = SomaSpice;
				TargetAttributes = {
					F20DE5B4233CC40F00AA3E59 = {
						CreatedOnToolsVersion = 10.3;
					};
				};
			};
			buildConfigurationList = F20DE5B0233CC40F00AA3E59 /* Build configuration list for PBXProject "Todoey" */;
			compatibilityVersion = "Xcode 9.3";
			developmentRegion = en;
			hasScannedForEncodings = 0;
			knownRegions = (
				en,
				Base,
			);
			mainGroup = F20DE5AC233CC40F00AA3E59;
			productRefGroup = F20DE5B6233CC40F00AA3E59 /* Products */;
			projectDirPath = "";
			projectRoot = "";
			targets = (
				F20DE5B4233CC40F00AA3E59 /* Todoey */,
			);
		};
/* End PBXProject section */

/* Begin PBXResourcesBuildPhase section */
		F20DE5B3233CC40F00AA3E59 /* Resources */ = {
			isa = PBXResourcesBuildPhase;
			buildActionMask = 2147483647;
			files = (
				F20DE5C3233CC41000AA3E59 /* LaunchScreen.storyboard in Resources */,
				F20DE5C0233CC41000AA3E59 /* Assets.xcassets in Resources */,
				F20DE5BE233CC40F00AA3E59 /* Main.storyboard in Resources */,
			);
			runOnlyForDeploymentPostprocessing = 0;
		};
/* End PBXResourcesBuildPhase section */

/* Begin PBXShellScriptBuildPhase section */
		786FE0B0DD4E27E834CC96B6 /* [CP] Check Pods Manifest.lock */ = {
			isa = PBXShellScriptBuildPhase;
			buildActionMask = 2147483647;
			files = (
			);
			inputFileListPaths = (
			);
			inputPaths = (
				"${PODS_PODFILE_DIR_PATH}/Podfile.lock",
				"${PODS_ROOT}/Manifest.lock",
			);
			name = "[CP] Check Pods Manifest.lock";
			outputFileListPaths = (
			);
			outputPaths = (
				"$(DERIVED_FILE_DIR)/Pods-Todoey-checkManifestLockResult.txt",
			);
			runOnlyForDeploymentPostprocessing = 0;
			shellPath = /bin/sh;
			shellScript = "diff \"${PODS_PODFILE_DIR_PATH}/Podfile.lock\" \"${PODS_ROOT}/Manifest.lock\" > /dev/null\nif [ $? != 0 ] ; then\n    # print error to STDERR\n    echo \"error: The sandbox is not in sync with the Podfile.lock. Run 'pod install' or update your CocoaPods installation.\" >&2\n    exit 1\nfi\n# This output is used by Xcode 'outputs' to avoid re-running this script phase.\necho \"SUCCESS\" > \"${SCRIPT_OUTPUT_FILE_0}\"\n";
			showEnvVarsInLog = 0;
		};
		79943EF579E98931472A850C /* [CP] Embed Pods Frameworks */ = {
			isa = PBXShellScriptBuildPhase;
			buildActionMask = 2147483647;
			files = (
			);
			inputFileListPaths = (
				"${PODS_ROOT}/Target Support Files/Pods-Todoey/Pods-Todoey-frameworks-${CONFIGURATION}-input-files.xcfilelist",
			);
			name = "[CP] Embed Pods Frameworks";
			outputFileListPaths = (
				"${PODS_ROOT}/Target Support Files/Pods-Todoey/Pods-Todoey-frameworks-${CONFIGURATION}-output-files.xcfilelist",
			);
			runOnlyForDeploymentPostprocessing = 0;
			shellPath = /bin/sh;
			shellScript = "\"${PODS_ROOT}/Target Support Files/Pods-Todoey/Pods-Todoey-frameworks.sh\"\n";
			showEnvVarsInLog = 0;
		};
/* End PBXShellScriptBuildPhase section */

/* Begin PBXSourcesBuildPhase section */
		F20DE5B1233CC40F00AA3E59 /* Sources */ = {
			isa = PBXSourcesBuildPhase;
			buildActionMask = 2147483647;
			files = (
				F20FD33D2353AEF2001C822C /* Item.swift in Sources */,
				F21191AC234B959100291E36 /* CategoryViewController.swift in Sources */,
				F20DE5BB233CC40F00AA3E59 /* ToDoListViewController.swift in Sources */,
				F20DE5B9233CC40F00AA3E59 /* AppDelegate.swift in Sources */,
				F20FD33F2353AF06001C822C /* Category.swift in Sources */,
			);
			runOnlyForDeploymentPostprocessing = 0;
		};
/* End PBXSourcesBuildPhase section */

/* Begin PBXVariantGroup section */
		F20DE5BC233CC40F00AA3E59 /* Main.storyboard */ = {
			isa = PBXVariantGroup;
			children = (
				F20DE5BD233CC40F00AA3E59 /* Base */,
			);
			name = Main.storyboard;
			sourceTree = "<group>";
		};
		F20DE5C1233CC41000AA3E59 /* LaunchScreen.storyboard */ = {
			isa = PBXVariantGroup;
			children = (
				F20DE5C2233CC41000AA3E59 /* Base */,
			);
			name = LaunchScreen.storyboard;
			sourceTree = "<group>";
		};
/* End PBXVariantGroup section */

/* Begin XCBuildConfiguration section */
		F20DE5C5233CC41000AA3E59 /* Debug */ = {
			isa = XCBuildConfiguration;
			buildSettings = {
				ALWAYS_SEARCH_USER_PATHS = NO;
				CLANG_ANALYZER_NONNULL = YES;
				CLANG_ANALYZER_NUMBER_OBJECT_CONVERSION = YES_AGGRESSIVE;
				CLANG_CXX_LANGUAGE_STANDARD = "gnu++14";
				CLANG_CXX_LIBRARY = "libc++";
				CLANG_ENABLE_MODULES = YES;
				CLANG_ENABLE_OBJC_ARC = YES;
				CLANG_ENABLE_OBJC_WEAK = YES;
				CLANG_WARN_BLOCK_CAPTURE_AUTORELEASING = YES;
				CLANG_WARN_BOOL_CONVERSION = YES;
				CLANG_WARN_COMMA = YES;
				CLANG_WARN_CONSTANT_CONVERSION = YES;
				CLANG_WARN_DEPRECATED_OBJC_IMPLEMENTATIONS = YES;
				CLANG_WARN_DIRECT_OBJC_ISA_USAGE = YES_ERROR;
				CLANG_WARN_DOCUMENTATION_COMMENTS = YES;
				CLANG_WARN_EMPTY_BODY = YES;
				CLANG_WARN_ENUM_CONVERSION = YES;
				CLANG_WARN_INFINITE_RECURSION = YES;
				CLANG_WARN_INT_CONVERSION = YES;
				CLANG_WARN_NON_LITERAL_NULL_CONVERSION = YES;
				CLANG_WARN_OBJC_IMPLICIT_RETAIN_SELF = YES;
				CLANG_WARN_OBJC_LITERAL_CONVERSION = YES;
				CLANG_WARN_OBJC_ROOT_CLASS = YES_ERROR;
				CLANG_WARN_RANGE_LOOP_ANALYSIS = YES;
				CLANG_WARN_STRICT_PROTOTYPES = YES;
				CLANG_WARN_SUSPICIOUS_MOVE = YES;
				CLANG_WARN_UNGUARDED_AVAILABILITY = YES_AGGRESSIVE;
				CLANG_WARN_UNREACHABLE_CODE = YES;
				CLANG_WARN__DUPLICATE_METHOD_MATCH = YES;
				CODE_SIGN_IDENTITY = "iPhone Developer";
				COPY_PHASE_STRIP = NO;
				DEBUG_INFORMATION_FORMAT = dwarf;
				ENABLE_STRICT_OBJC_MSGSEND = YES;
				ENABLE_TESTABILITY = YES;
				GCC_C_LANGUAGE_STANDARD = gnu11;
				GCC_DYNAMIC_NO_PIC = NO;
				GCC_NO_COMMON_BLOCKS = YES;
				GCC_OPTIMIZATION_LEVEL = 0;
				GCC_PREPROCESSOR_DEFINITIONS = (
					"DEBUG=1",
					"$(inherited)",
				);
				GCC_WARN_64_TO_32_BIT_CONVERSION = YES;
				GCC_WARN_ABOUT_RETURN_TYPE = YES_ERROR;
				GCC_WARN_UNDECLARED_SELECTOR = YES;
				GCC_WARN_UNINITIALIZED_AUTOS = YES_AGGRESSIVE;
				GCC_WARN_UNUSED_FUNCTION = YES;
				GCC_WARN_UNUSED_VARIABLE = YES;
				IPHONEOS_DEPLOYMENT_TARGET = 12.4;
				MTL_ENABLE_DEBUG_INFO = INCLUDE_SOURCE;
				MTL_FAST_MATH = YES;
				ONLY_ACTIVE_ARCH = YES;
				SDKROOT = iphoneos;
				SWIFT_ACTIVE_COMPILATION_CONDITIONS = DEBUG;
				SWIFT_OPTIMIZATION_LEVEL = "-Onone";
			};
			name = Debug;
		};
		F20DE5C6233CC41000AA3E59 /* Release */ = {
			isa = XCBuildConfiguration;
			buildSettings = {
				ALWAYS_SEARCH_USER_PATHS = NO;
				CLANG_ANALYZER_NONNULL = YES;
				CLANG_ANALYZER_NUMBER_OBJECT_CONVERSION = YES_AGGRESSIVE;
				CLANG_CXX_LANGUAGE_STANDARD = "gnu++14";
				CLANG_CXX_LIBRARY = "libc++";
				CLANG_ENABLE_MODULES = YES;
				CLANG_ENABLE_OBJC_ARC = YES;
				CLANG_ENABLE_OBJC_WEAK = YES;
				CLANG_WARN_BLOCK_CAPTURE_AUTORELEASING = YES;
				CLANG_WARN_BOOL_CONVERSION = YES;
				CLANG_WARN_COMMA = YES;
				CLANG_WARN_CONSTANT_CONVERSION = YES;
				CLANG_WARN_DEPRECATED_OBJC_IMPLEMENTATIONS = YES;
				CLANG_WARN_DIRECT_OBJC_ISA_USAGE = YES_ERROR;
				CLANG_WARN_DOCUMENTATION_COMMENTS = YES;
				CLANG_WARN_EMPTY_BODY = YES;
				CLANG_WARN_ENUM_CONVERSION = YES;
				CLANG_WARN_INFINITE_RECURSION = YES;
				CLANG_WARN_INT_CONVERSION = YES;
				CLANG_WARN_NON_LITERAL_NULL_CONVERSION = YES;
				CLANG_WARN_OBJC_IMPLICIT_RETAIN_SELF = YES;
				CLANG_WARN_OBJC_LITERAL_CONVERSION = YES;
				CLANG_WARN_OBJC_ROOT_CLASS = YES_ERROR;
				CLANG_WARN_RANGE_LOOP_ANALYSIS = YES;
				CLANG_WARN_STRICT_PROTOTYPES = YES;
				CLANG_WARN_SUSPICIOUS_MOVE = YES;
				CLANG_WARN_UNGUARDED_AVAILABILITY = YES_AGGRESSIVE;
				CLANG_WARN_UNREACHABLE_CODE = YES;
				CLANG_WARN__DUPLICATE_METHOD_MATCH = YES;
				CODE_SIGN_IDENTITY = "iPhone Developer";
				COPY_PHASE_STRIP = NO;
				DEBUG_INFORMATION_FORMAT = "dwarf-with-dsym";
				ENABLE_NS_ASSERTIONS = NO;
				ENABLE_STRICT_OBJC_MSGSEND = YES;
				GCC_C_LANGUAGE_STANDARD = gnu11;
				GCC_NO_COMMON_BLOCKS = YES;
				GCC_WARN_64_TO_32_BIT_CONVERSION = YES;
				GCC_WARN_ABOUT_RETURN_TYPE = YES_ERROR;
				GCC_WARN_UNDECLARED_SELECTOR = YES;
				GCC_WARN_UNINITIALIZED_AUTOS = YES_AGGRESSIVE;
				GCC_WARN_UNUSED_FUNCTION = YES;
				GCC_WARN_UNUSED_VARIABLE = YES;
				IPHONEOS_DEPLOYMENT_TARGET = 12.4;
				MTL_ENABLE_DEBUG_INFO = NO;
				MTL_FAST_MATH = YES;
				SDKROOT = iphoneos;
				SWIFT_COMPILATION_MODE = wholemodule;
				SWIFT_OPTIMIZATION_LEVEL = "-O";
				VALIDATE_PRODUCT = YES;
			};
			name = Release;
		};
		F20DE5C8233CC41000AA3E59 /* Debug */ = {
			isa = XCBuildConfiguration;
			baseConfigurationReference = 776187C880A491F75860B4E4 /* Pods-Todoey.debug.xcconfig */;
			buildSettings = {
				ASSETCATALOG_COMPILER_APPICON_NAME = AppIcon;
				CODE_SIGN_STYLE = Automatic;
				DEVELOPMENT_TEAM = 2588MD9N23;
				INFOPLIST_FILE = Todoey/Info.plist;
				LD_RUNPATH_SEARCH_PATHS = (
					"$(inherited)",
					"@executable_path/Frameworks",
				);
				PRODUCT_BUNDLE_IDENTIFIER = com.SomaSpice.Todoey;
				PRODUCT_NAME = "$(TARGET_NAME)";
				SWIFT_VERSION = 5.0;
				TARGETED_DEVICE_FAMILY = "1,2";
			};
			name = Debug;
		};
		F20DE5C9233CC41000AA3E59 /* Release */ = {
			isa = XCBuildConfiguration;
			baseConfigurationReference = 2F494C44D55E4463BF447934 /* Pods-Todoey.release.xcconfig */;
			buildSettings = {
				ASSETCATALOG_COMPILER_APPICON_NAME = AppIcon;
				CODE_SIGN_STYLE = Automatic;
				DEVELOPMENT_TEAM = 2588MD9N23;
				INFOPLIST_FILE = Todoey/Info.plist;
				LD_RUNPATH_SEARCH_PATHS = (
					"$(inherited)",
					"@executable_path/Frameworks",
				);
				PRODUCT_BUNDLE_IDENTIFIER = com.SomaSpice.Todoey;
				PRODUCT_NAME = "$(TARGET_NAME)";
				SWIFT_VERSION = 5.0;
				TARGETED_DEVICE_FAMILY = "1,2";
			};
			name = Release;
		};
/* End XCBuildConfiguration section */

/* Begin XCConfigurationList section */
		F20DE5B0233CC40F00AA3E59 /* Build configuration list for PBXProject "Todoey" */ = {
			isa = XCConfigurationList;
			buildConfigurations = (
				F20DE5C5233CC41000AA3E59 /* Debug */,
				F20DE5C6233CC41000AA3E59 /* Release */,
			);
			defaultConfigurationIsVisible = 0;
			defaultConfigurationName = Release;
		};
		F20DE5C7233CC41000AA3E59 /* Build configuration list for PBXNativeTarget "Todoey" */ = {
			isa = XCConfigurationList;
			buildConfigurations = (
				F20DE5C8233CC41000AA3E59 /* Debug */,
				F20DE5C9233CC41000AA3E59 /* Release */,
			);
			defaultConfigurationIsVisible = 0;
			defaultConfigurationName = Release;
		};
/* End XCConfigurationList section */
	};
	rootObject = F20DE5AD233CC40F00AA3E59 /* Project object */;
}
